Microsoft Visual Studio Solution File, Format Version 12.00
# Visual Studio Version 17
VisualStudioVersion = 17.2.32516.85
MinimumVisualStudioVersion = 10.0.40219.1
Project("{FAE04EC0-301F-11D3-BF4B-00C04F79EFBC}") = "ScrambledSeas", "ScrambledSeas\ScrambledSeas.csproj", "{C32EB563-09D3-4FA6-8D25-3C5CFF8AAD79}"
EndProject
Global
	GlobalSection(SolutionConfigurationPlatforms) = preSolution
		BepInEx|Any CPU = BepInEx|Any CPU
		Debug|Any CPU = Debug|Any CPU
		UMM|Any CPU = UMM|Any CPU
	EndGlobalSection
	GlobalSection(ProjectConfigurationPlatforms) = postSolution
		{C32EB563-09D3-4FA6-8D25-3C5CFF8AAD79}.BepInEx|Any CPU.ActiveCfg = BepInEx|Any CPU
		{C32EB563-09D3-4FA6-8D25-3C5CFF8AAD79}.BepInEx|Any CPU.Build.0 = BepInEx|Any CPU
		{C32EB563-09D3-4FA6-8D25-3C5CFF8AAD79}.Debug|Any CPU.ActiveCfg = Debug|Any CPU
		{C32EB563-09D3-4FA6-8D25-3C5CFF8AAD79}.Debug|Any CPU.Build.0 = Debug|Any CPU
		{C32EB563-09D3-4FA6-8D25-3C5CFF8AAD79}.UMM|Any CPU.ActiveCfg = UMM|Any CPU
		{C32EB563-09D3-4FA6-8D25-3C5CFF8AAD79}.UMM|Any CPU.Build.0 = UMM|Any CPU
	EndGlobalSection
	GlobalSection(SolutionProperties) = preSolution
		HideSolutionNode = FALSE
	EndGlobalSection
	GlobalSection(ExtensibilityGlobals) = postSolution
		SolutionGuid = {9EEF7DFA-D5CC-4E15-BEE0-3FAE68ECD36F}
	EndGlobalSection
EndGlobal
